<Solution>
  <Configurations>
    <BuildType Name="Debug" />
    <BuildType Name="Debug_Standalone" />
    <BuildType Name="Release" />
    <BuildType Name="Release_Standalone" />
    <Platform Name="Any CPU" />
    <Platform Name="x64" />
    <Platform Name="x86" />
  </Configurations>
  <Folder Name="/Global/">
    <File Path="LICENSE.txt" />
    <File Path="README.md" />
  </Folder>
  <Project Path="JumpSpaceBalance.Loader/JumpSpaceBalance.Loader.csproj" Id="8dda82e2-8714-489b-8003-4b547ff9fbbe">
    <BuildType Solution="Debug_Standalone|*" Project="Debug" />
    <BuildType Solution="Release_Standalone|*" Project="Release" />
    <Build Solution="Debug_Standalone|x64" Project="false" />
    <Build Solution="Release_Standalone|x64" Project="false" />
  </Project>
  <Project Path="JumpSpaceBalance/JumpSpaceBalance.vcxproj" Id="ff0bca60-28af-4022-8a5a-4882b3d580e0">
    <BuildType Solution="Debug_Standalone|Any CPU" Project="Debug" />
    <BuildType Solution="Debug_Standalone|x86" Project="Debug" />
    <BuildType Solution="Release_Standalone|Any CPU" Project="Release" />
    <BuildType Solution="Release_Standalone|x86" Project="Release" />
  </Project>
  <Project Path="PrepRelease/PrepRelease.csproj" Id="9dd68ad7-e653-44da-b430-1dbddd07c42e">
    <BuildType Solution="Debug_Standalone|*" Project="Debug" />
    <BuildType Solution="Release_Standalone|*" Project="Release" />
    <Build Solution="Debug_Standalone|x64" Project="false" />
    <Build Solution="Debug|x64" Project="false" />
  </Project>
  <Project Path="ThirdParty/Detours/vc/Detours.vcxproj" Id="37489709-8054-4903-9c49-a79846049fc9">
    <BuildType Solution="Debug_Standalone|*" Project="DebugMDd" />
    <BuildType Solution="Debug|*" Project="DebugMDd" />
    <BuildType Solution="Release_Standalone|*" Project="ReleaseMD" />
    <BuildType Solution="Release|*" Project="ReleaseMD" />
  </Project>
</Solution>
